// !$*UTF8*$!
{
	archiveVersion = 1;
	classes = {
	};
	objectVersion = 50;
	objects = {

/* Begin PBXBuildFile section */
		A627D59E2445CD8C00C82D0E /* AppDelegate.swift in Sources */ = {isa = PBXBuildFile; fileRef = A627D59D2445CD8C00C82D0E /* AppDelegate.swift */; };
		A627D5A02445CD8C00C82D0E /* ViewController.swift in Sources */ = {isa = PBXBuildFile; fileRef = A627D59F2445CD8C00C82D0E /* ViewController.swift */; };
		A627D5A22445CD8E00C82D0E /* Assets.xcassets in Resources */ = {isa = PBXBuildFile; fileRef = A627D5A12445CD8E00C82D0E /* Assets.xcassets */; };
		A627D5A52445CD8E00C82D0E /* Main.storyboard in Resources */ = {isa = PBXBuildFile; fileRef = A627D5A32445CD8E00C82D0E /* Main.storyboard */; };
		A627D5AE2445CDEC00C82D0E /* DragDestinationView.swift in Sources */ = {isa = PBXBuildFile; fileRef = A627D5AD2445CDEC00C82D0E /* DragDestinationView.swift */; };
/* End PBXBuildFile section */

/* Begin PBXFileReference section */
		A627D59A2445CD8C00C82D0E /* dafileshare.app */ = {isa = PBXFileReference; explicitFileType = wrapper.application; includeInIndex = 0; path = dafileshare.app; sourceTree = BUILT_PRODUCTS_DIR; };
		A627D59D2445CD8C00C82D0E /* AppDelegate.swift */ = {isa = PBXFileReference; lastKnownFileType = sourcecode.swift; path = AppDelegate.swift; sourceTree = "<group>"; };
		A627D59F2445CD8C00C82D0E /* ViewController.swift */ = {isa = PBXFileReference; lastKnownFileType = sourcecode.swift; path = ViewController.swift; sourceTree = "<group>"; };
		A627D5A12445CD8E00C82D0E /* Assets.xcassets */ = {isa = PBXFileReference; lastKnownFileType = folder.assetcatalog; path = Assets.xcassets; sourceTree = "<group>"; };
		A627D5A42445CD8E00C82D0E /* Base */ = {isa = PBXFileReference; lastKnownFileType = file.storyboard; name = Base; path = Base.lproj/Main.storyboard; sourceTree = "<group>"; };
		A627D5A62445CD8E00C82D0E /* Info.plist */ = {isa = PBXFileReference; lastKnownFileType = text.plist.xml; path = Info.plist; sourceTree = "<group>"; };
		A627D5A72445CD8E00C82D0E /* dafileshare.entitlements */ = {isa = PBXFileReference; lastKnownFileType = text.plist.entitlements; path = dafileshare.entitlements; sourceTree = "<group>"; };
		A627D5AD2445CDEC00C82D0E /* DragDestinationView.swift */ = {isa = PBXFileReference; lastKnownFileType = sourcecode.swift; path = DragDestinationView.swift; sourceTree = "<group>"; };
/* End PBXFileReference section */

/* Begin PBXFrameworksBuildPhase section */
		A627D5972445CD8C00C82D0E /* Frameworks */ = {
			isa = PBXFrameworksBuildPhase;
			buildActionMask = 2147483647;
			files = (
			);
			runOnlyForDeploymentPostprocessing = 0;
		};
/* End PBXFrameworksBuildPhase section */

/* Begin PBXGroup section */
		A627D5912445CD8C00C82D0E = {
			isa = PBXGroup;
			children = (
				A627D59C2445CD8C00C82D0E /* dafileshare */,
				A627D59B2445CD8C00C82D0E /* Products */,
			);
			sourceTree = "<group>";
		};
		A627D59B2445CD8C00C82D0E /* Products */ = {
			isa = PBXGroup;
			children = (
				A627D59A2445CD8C00C82D0E /* dafileshare.app */,
			);
			name = Products;
			sourceTree = "<group>";
		};
		A627D59C2445CD8C00C82D0E /* dafileshare */ = {
			isa = PBXGroup;
			children = (
				A627D59D2445CD8C00C82D0E /* AppDelegate.swift */,
				A627D59F2445CD8C00C82D0E /* ViewController.swift */,
				A627D5AD2445CDEC00C82D0E /* DragDestinationView.swift */,
				A627D5A12445CD8E00C82D0E /* Assets.xcassets */,
				A627D5A32445CD8E00C82D0E /* Main.storyboard */,
				A627D5A62445CD8E00C82D0E /* Info.plist */,
				A627D5A72445CD8E00C82D0E /* dafileshare.entitlements */,
			);
			path = dafileshare;
			sourceTree = "<group>";
		};
/* End PBXGroup section */

/* Begin PBXNativeTarget section */
		A627D5992445CD8C00C82D0E /* dafileshare */ = {
			isa = PBXNativeTarget;
			buildConfigurationList = A627D5AA2445CD8E00C82D0E /* Build configuration list for PBXNativeTarget "dafileshare" */;
			buildPhases = (
				A627D5962445CD8C00C82D0E /* Sources */,
				A627D5972445CD8C00C82D0E /* Frameworks */,
				A627D5982445CD8C00C82D0E /* Resources */,
			);
			buildRules = (
			);
			dependencies = (
			);
			name = dafileshare;
			productName = dafileshare;
			productReference = A627D59A2445CD8C00C82D0E /* dafileshare.app */;
			productType = "com.apple.product-type.application";
		};
/* End PBXNativeTarget section */

/* Begin PBXProject section */
		A627D5922445CD8C00C82D0E /* Project object */ = {
			isa = PBXProject;
			attributes = {
				LastSwiftUpdateCheck = 1140;
				LastUpgradeCheck = 1140;
				ORGANIZATIONNAME = Deskangel;
				TargetAttributes = {
					A627D5992445CD8C00C82D0E = {
						CreatedOnToolsVersion = 11.4;
					};
				};
			};
			buildConfigurationList = A627D5952445CD8C00C82D0E /* Build configuration list for PBXProject "dafileshare" */;
			compatibilityVersion = "Xcode 9.3";
			developmentRegion = en;
			hasScannedForEncodings = 0;
			knownRegions = (
				en,
				Base,
			);
			mainGroup = A627D5912445CD8C00C82D0E;
			productRefGroup = A627D59B2445CD8C00C82D0E /* Products */;
			projectDirPath = "";
			projectRoot = "";
			targets = (
				A627D5992445CD8C00C82D0E /* dafileshare */,
			);
		};
/* End PBXProject section */

/* Begin PBXResourcesBuildPhase section */
		A627D5982445CD8C00C82D0E /* Resources */ = {
			isa = PBXResourcesBuildPhase;
			buildActionMask = 2147483647;
			files = (
				A627D5A22445CD8E00C82D0E /* Assets.xcassets in Resources */,
				A627D5A52445CD8E00C82D0E /* Main.storyboard in Resources */,
			);
			runOnlyForDeploymentPostprocessing = 0;
		};
/* End PBXResourcesBuildPhase section */

/* Begin PBXSourcesBuildPhase section */
		A627D5962445CD8C00C82D0E /* Sources */ = {
			isa = PBXSourcesBuildPhase;
			buildActionMask = 2147483647;
			files = (
				A627D5A02445CD8C00C82D0E /* ViewController.swift in Sources */,
				A627D5AE2445CDEC00C82D0E /* DragDestinationView.swift in Sources */,
				A627D59E2445CD8C00C82D0E /* AppDelegate.swift in Sources */,
			);
			runOnlyForDeploymentPostprocessing = 0;
		};
/* End PBXSourcesBuildPhase section */

/* Begin PBXVariantGroup section */
		A627D5A32445CD8E00C82D0E /* Main.storyboard */ = {
			isa = PBXVariantGroup;
			children = (
				A627D5A42445CD8E00C82D0E /* Base */,
			);
			name = Main.storyboard;
			sourceTree = "<group>";
		};
/* End PBXVariantGroup section */

/* Begin XCBuildConfiguration section */
		A627D5A82445CD8E00C82D0E /* Debug */ = {
			isa = XCBuildConfiguration;
			buildSettings = {
				ALWAYS_SEARCH_USER_PATHS = NO;
				CLANG_ANALYZER_NONNULL = YES;
				CLANG_ANALYZER_NUMBER_OBJECT_CONVERSION = YES_AGGRESSIVE;
				CLANG_CXX_LANGUAGE_STANDARD = "gnu++14";
				CLANG_CXX_LIBRARY = "libc++";
				CLANG_ENABLE_MODULES = YES;
				CLANG_ENABLE_OBJC_ARC = YES;
				CLANG_ENABLE_OBJC_WEAK = YES;
				CLANG_WARN_BLOCK_CAPTURE_AUTORELEASING = YES;
				CLANG_WARN_BOOL_CONVERSION = YES;
				CLANG_WARN_COMMA = YES;
				CLANG_WARN_CONSTANT_CONVERSION = YES;
				CLANG_WARN_DEPRECATED_OBJC_IMPLEMENTATIONS = YES;
				CLANG_WARN_DIRECT_OBJC_ISA_USAGE = YES_ERROR;
				CLANG_WARN_DOCUMENTATION_COMMENTS = YES;
				CLANG_WARN_EMPTY_BODY = YES;
				CLANG_WARN_ENUM_CONVERSION = YES;
				CLANG_WARN_INFINITE_RECURSION = YES;
				CLANG_WARN_INT_CONVERSION = YES;
				CLANG_WARN_NON_LITERAL_NULL_CONVERSION = YES;
				CLANG_WARN_OBJC_IMPLICIT_RETAIN_SELF = YES;
				CLANG_WARN_OBJC_LITERAL_CONVERSION = YES;
				CLANG_WARN_OBJC_ROOT_CLASS = YES_ERROR;
				CLANG_WARN_RANGE_LOOP_ANALYSIS = YES;
				CLANG_WARN_STRICT_PROTOTYPES = YES;
				CLANG_WARN_SUSPICIOUS_MOVE = YES;
				CLANG_WARN_UNGUARDED_AVAILABILITY = YES_AGGRESSIVE;
				CLANG_WARN_UNREACHABLE_CODE = YES;
				CLANG_WARN__DUPLICATE_METHOD_MATCH = YES;
				COPY_PHASE_STRIP = NO;
				DEBUG_INFORMATION_FORMAT = dwarf;
				ENABLE_STRICT_OBJC_MSGSEND = YES;
				ENABLE_TESTABILITY = YES;
				GCC_C_LANGUAGE_STANDARD = gnu11;
				GCC_DYNAMIC_NO_PIC = NO;
				GCC_NO_COMMON_BLOCKS = YES;
				GCC_OPTIMIZATION_LEVEL = 0;
				GCC_PREPROCESSOR_DEFINITIONS = (
					"DEBUG=1",
					"$(inherited)",
				);
				GCC_WARN_64_TO_32_BIT_CONVERSION = YES;
				GCC_WARN_ABOUT_RETURN_TYPE = YES_ERROR;
				GCC_WARN_UNDECLARED_SELECTOR = YES;
				GCC_WARN_UNINITIALIZED_AUTOS = YES_AGGRESSIVE;
				GCC_WARN_UNUSED_FUNCTION = YES;
				GCC_WARN_UNUSED_VARIABLE = YES;
				MACOSX_DEPLOYMENT_TARGET = 10.15;
				MTL_ENABLE_DEBUG_INFO = INCLUDE_SOURCE;
				MTL_FAST_MATH = YES;
				ONLY_ACTIVE_ARCH = YES;
				SDKROOT = macosx;
				SWIFT_ACTIVE_COMPILATION_CONDITIONS = DEBUG;
				SWIFT_OPTIMIZATION_LEVEL = "-Onone";
			};
			name = Debug;
		};
		A627D5A92445CD8E00C82D0E /* Release */ = {
			isa = XCBuildConfiguration;
			buildSettings = {
				ALWAYS_SEARCH_USER_PATHS = NO;
				CLANG_ANALYZER_NONNULL = YES;
				CLANG_ANALYZER_NUMBER_OBJECT_CONVERSION = YES_AGGRESSIVE;
				CLANG_CXX_LANGUAGE_STANDARD = "gnu++14";
				CLANG_CXX_LIBRARY = "libc++";
				CLANG_ENABLE_MODULES = YES;
				CLANG_ENABLE_OBJC_ARC = YES;
				CLANG_ENABLE_OBJC_WEAK = YES;
				CLANG_WARN_BLOCK_CAPTURE_AUTORELEASING = YES;
				CLANG_WARN_BOOL_CONVERSION = YES;
				CLANG_WARN_COMMA = YES;
				CLANG_WARN_CONSTANT_CONVERSION = YES;
				CLANG_WARN_DEPRECATED_OBJC_IMPLEMENTATIONS = YES;
				CLANG_WARN_DIRECT_OBJC_ISA_USAGE = YES_ERROR;
				CLANG_WARN_DOCUMENTATION_COMMENTS = YES;
				CLANG_WARN_EMPTY_BODY = YES;
				CLANG_WARN_ENUM_CONVERSION = YES;
				CLANG_WARN_INFINITE_RECURSION = YES;
				CLANG_WARN_INT_CONVERSION = YES;
				CLANG_WARN_NON_LITERAL_NULL_CONVERSION = YES;
				CLANG_WARN_OBJC_IMPLICIT_RETAIN_SELF = YES;
				CLANG_WARN_OBJC_LITERAL_CONVERSION = YES;
				CLANG_WARN_OBJC_ROOT_CLASS = YES_ERROR;
				CLANG_WARN_RANGE_LOOP_ANALYSIS = YES;
				CLANG_WARN_STRICT_PROTOTYPES = YES;
				CLANG_WARN_SUSPICIOUS_MOVE = YES;
				CLANG_WARN_UNGUARDED_AVAILABILITY = YES_AGGRESSIVE;
				CLANG_WARN_UNREACHABLE_CODE = YES;
				CLANG_WARN__DUPLICATE_METHOD_MATCH = YES;
				COPY_PHASE_STRIP = NO;
				DEBUG_INFORMATION_FORMAT = "dwarf-with-dsym";
				ENABLE_NS_ASSERTIONS = NO;
				ENABLE_STRICT_OBJC_MSGSEND = YES;
				GCC_C_LANGUAGE_STANDARD = gnu11;
				GCC_NO_COMMON_BLOCKS = YES;
				GCC_WARN_64_TO_32_BIT_CONVERSION = YES;
				GCC_WARN_ABOUT_RETURN_TYPE = YES_ERROR;
				GCC_WARN_UNDECLARED_SELECTOR = YES;
				GCC_WARN_UNINITIALIZED_AUTOS = YES_AGGRESSIVE;
				GCC_WARN_UNUSED_FUNCTION = YES;
				GCC_WARN_UNUSED_VARIABLE = YES;
				MACOSX_DEPLOYMENT_TARGET = 10.15;
				MTL_ENABLE_DEBUG_INFO = NO;
				MTL_FAST_MATH = YES;
				SDKROOT = macosx;
				SWIFT_COMPILATION_MODE = wholemodule;
				SWIFT_OPTIMIZATION_LEVEL = "-O";
			};
			name = Release;
		};
		A627D5AB2445CD8E00C82D0E /* Debug */ = {
			isa = XCBuildConfiguration;
			buildSettings = {
				ASSETCATALOG_COMPILER_APPICON_NAME = AppIcon;
				CODE_SIGN_ENTITLEMENTS = dafileshare/dafileshare.entitlements;
				CODE_SIGN_STYLE = Automatic;
				COMBINE_HIDPI_IMAGES = YES;
				INFOPLIST_FILE = dafileshare/Info.plist;
				LD_RUNPATH_SEARCH_PATHS = (
					"$(inherited)",
					"@executable_path/../Frameworks",
				);
				PRODUCT_BUNDLE_IDENTIFIER = com.deskangel.dafileshare;
				PRODUCT_NAME = "$(TARGET_NAME)";
				SWIFT_VERSION = 5.0;
			};
			name = Debug;
		};
		A627D5AC2445CD8E00C82D0E /* Release */ = {
			isa = XCBuildConfiguration;
			buildSettings = {
				ASSETCATALOG_COMPILER_APPICON_NAME = AppIcon;
				CODE_SIGN_ENTITLEMENTS = dafileshare/dafileshare.entitlements;
				CODE_SIGN_STYLE = Automatic;
				COMBINE_HIDPI_IMAGES = YES;
				INFOPLIST_FILE = dafileshare/Info.plist;
				LD_RUNPATH_SEARCH_PATHS = (
					"$(inherited)",
					"@executable_path/../Frameworks",
				);
				PRODUCT_BUNDLE_IDENTIFIER = com.deskangel.dafileshare;
				PRODUCT_NAME = "$(TARGET_NAME)";
				SWIFT_VERSION = 5.0;
			};
			name = Release;
		};
/* End XCBuildConfiguration section */

/* Begin XCConfigurationList section */
		A627D5952445CD8C00C82D0E /* Build configuration list for PBXProject "dafileshare" */ = {
			isa = XCConfigurationList;
			buildConfigurations = (
				A627D5A82445CD8E00C82D0E /* Debug */,
				A627D5A92445CD8E00C82D0E /* Release */,
			);
			defaultConfigurationIsVisible = 0;
			defaultConfigurationName = Release;
		};
		A627D5AA2445CD8E00C82D0E /* Build configuration list for PBXNativeTarget "dafileshare" */ = {
			isa = XCConfigurationList;
			buildConfigurations = (
				A627D5AB2445CD8E00C82D0E /* Debug */,
				A627D5AC2445CD8E00C82D0E /* Release */,
			);
			defaultConfigurationIsVisible = 0;
			defaultConfigurationName = Release;
		};
/* End XCConfigurationList section */
	};
	rootObject = A627D5922445CD8C00C82D0E /* Project object */;
}
